// !$*UTF8*$!
{
	archiveVersion = 1;
	classes = {
	};
	objectVersion = 77;
	objects = {

/* Begin PBXBuildFile section */
		38DF9B7E2D22DE9100B68CFA /* Aptabase in Frameworks */ = {isa = PBXBuildFile; productRef = 38DF9B7D2D22DE9100B68CFA /* Aptabase */; };
/* End PBXBuildFile section */

/* Begin PBXContainerItemProxy section */
		38D65F9B2D170E5B00D20C94 /* PBXContainerItemProxy */ = {
			isa = PBXContainerItemProxy;
			containerPortal = 38D65F7E2D170E5900D20C94 /* Project object */;
			proxyType = 1;
			remoteGlobalIDString = 38D65F852D170E5900D20C94;
			remoteInfo = Tagmentary;
		};
		38D65FA52D170E5B00D20C94 /* PBXContainerItemProxy */ = {
			isa = PBXContainerItemProxy;
			containerPortal = 38D65F7E2D170E5900D20C94 /* Project object */;
			proxyType = 1;
			remoteGlobalIDString = 38D65F852D170E5900D20C94;
			remoteInfo = Tagmentary;
		};
/* End PBXContainerItemProxy section */

/* Begin PBXFileReference section */
		38D65F862D170E5900D20C94 /* Tagmentary.app */ = {isa = PBXFileReference; explicitFileType = wrapper.application; includeInIndex = 0; path = Tagmentary.app; sourceTree = BUILT_PRODUCTS_DIR; };
		38D65F9A2D170E5B00D20C94 /* TagmentaryTests.xctest */ = {isa = PBXFileReference; explicitFileType = wrapper.cfbundle; includeInIndex = 0; path = TagmentaryTests.xctest; sourceTree = BUILT_PRODUCTS_DIR; };
		38D65FA42D170E5B00D20C94 /* TagmentaryUITests.xctest */ = {isa = PBXFileReference; explicitFileType = wrapper.cfbundle; includeInIndex = 0; path = TagmentaryUITests.xctest; sourceTree = BUILT_PRODUCTS_DIR; };
/* End PBXFileReference section */

/* Begin PBXFileSystemSynchronizedBuildFileExceptionSet section */
		38D65FAC2D170E5B00D20C94 /* Exceptions for "Tagmentary" folder in "Tagmentary" target */ = {
			isa = PBXFileSystemSynchronizedBuildFileExceptionSet;
			membershipExceptions = (
				Info.plist,
			);
			target = 38D65F852D170E5900D20C94 /* Tagmentary */;
		};
/* End PBXFileSystemSynchronizedBuildFileExceptionSet section */

/* Begin PBXFileSystemSynchronizedRootGroup section */
		38D65F882D170E5900D20C94 /* Tagmentary */ = {
			isa = PBXFileSystemSynchronizedRootGroup;
			exceptions = (
				38D65FAC2D170E5B00D20C94 /* Exceptions for "Tagmentary" folder in "Tagmentary" target */,
			);
			path = Tagmentary;
			sourceTree = "<group>";
		};
		38D65F9D2D170E5B00D20C94 /* TagmentaryTests */ = {
			isa = PBXFileSystemSynchronizedRootGroup;
			path = TagmentaryTests;
			sourceTree = "<group>";
		};
		38D65FA72D170E5B00D20C94 /* TagmentaryUITests */ = {
			isa = PBXFileSystemSynchronizedRootGroup;
			path = TagmentaryUITests;
			sourceTree = "<group>";
		};
/* End PBXFileSystemSynchronizedRootGroup section */

/* Begin PBXFrameworksBuildPhase section */
		38D65F832D170E5900D20C94 /* Frameworks */ = {
			isa = PBXFrameworksBuildPhase;
			buildActionMask = 2147483647;
			files = (
				38DF9B7E2D22DE9100B68CFA /* Aptabase in Frameworks */,
			);
			runOnlyForDeploymentPostprocessing = 0;
		};
		38D65F972D170E5B00D20C94 /* Frameworks */ = {
			isa = PBXFrameworksBuildPhase;
			buildActionMask = 2147483647;
			files = (
			);
			runOnlyForDeploymentPostprocessing = 0;
		};
		38D65FA12D170E5B00D20C94 /* Frameworks */ = {
			isa = PBXFrameworksBuildPhase;
			buildActionMask = 2147483647;
			files = (
			);
			runOnlyForDeploymentPostprocessing = 0;
		};
/* End PBXFrameworksBuildPhase section */

/* Begin PBXGroup section */
		38D65F7D2D170E5900D20C94 = {
			isa = PBXGroup;
			children = (
				38D65F882D170E5900D20C94 /* Tagmentary */,
				38D65F9D2D170E5B00D20C94 /* TagmentaryTests */,
				38D65FA72D170E5B00D20C94 /* TagmentaryUITests */,
				38D65F872D170E5900D20C94 /* Products */,
			);
			sourceTree = "<group>";
		};
		38D65F872D170E5900D20C94 /* Products */ = {
			isa = PBXGroup;
			children = (
				38D65F862D170E5900D20C94 /* Tagmentary.app */,
				38D65F9A2D170E5B00D20C94 /* TagmentaryTests.xctest */,
				38D65FA42D170E5B00D20C94 /* TagmentaryUITests.xctest */,
			);
			name = Products;
			sourceTree = "<group>";
		};
/* End PBXGroup section */

/* Begin PBXNativeTarget section */
		38D65F852D170E5900D20C94 /* Tagmentary */ = {
			isa = PBXNativeTarget;
			buildConfigurationList = 38D65FAD2D170E5B00D20C94 /* Build configuration list for PBXNativeTarget "Tagmentary" */;
			buildPhases = (
				38D65F822D170E5900D20C94 /* Sources */,
				38D65F832D170E5900D20C94 /* Frameworks */,
				38D65F842D170E5900D20C94 /* Resources */,
			);
			buildRules = (
			);
			dependencies = (
			);
			fileSystemSynchronizedGroups = (
				38D65F882D170E5900D20C94 /* Tagmentary */,
			);
			name = Tagmentary;
			packageProductDependencies = (
				38DF9B7D2D22DE9100B68CFA /* Aptabase */,
			);
			productName = Tagmentary;
			productReference = 38D65F862D170E5900D20C94 /* Tagmentary.app */;
			productType = "com.apple.product-type.application";
		};
		38D65F992D170E5B00D20C94 /* TagmentaryTests */ = {
			isa = PBXNativeTarget;
			buildConfigurationList = 38D65FB22D170E5B00D20C94 /* Build configuration list for PBXNativeTarget "TagmentaryTests" */;
			buildPhases = (
				38D65F962D170E5B00D20C94 /* Sources */,
				38D65F972D170E5B00D20C94 /* Frameworks */,
				38D65F982D170E5B00D20C94 /* Resources */,
			);
			buildRules = (
			);
			dependencies = (
				38D65F9C2D170E5B00D20C94 /* PBXTargetDependency */,
			);
			fileSystemSynchronizedGroups = (
				38D65F9D2D170E5B00D20C94 /* TagmentaryTests */,
			);
			name = TagmentaryTests;
			packageProductDependencies = (
			);
			productName = TagmentaryTests;
			productReference = 38D65F9A2D170E5B00D20C94 /* TagmentaryTests.xctest */;
			productType = "com.apple.product-type.bundle.unit-test";
		};
		38D65FA32D170E5B00D20C94 /* TagmentaryUITests */ = {
			isa = PBXNativeTarget;
			buildConfigurationList = 38D65FB52D170E5B00D20C94 /* Build configuration list for PBXNativeTarget "TagmentaryUITests" */;
			buildPhases = (
				38D65FA02D170E5B00D20C94 /* Sources */,
				38D65FA12D170E5B00D20C94 /* Frameworks */,
				38D65FA22D170E5B00D20C94 /* Resources */,
			);
			buildRules = (
			);
			dependencies = (
				38D65FA62D170E5B00D20C94 /* PBXTargetDependency */,
			);
			fileSystemSynchronizedGroups = (
				38D65FA72D170E5B00D20C94 /* TagmentaryUITests */,
			);
			name = TagmentaryUITests;
			packageProductDependencies = (
			);
			productName = TagmentaryUITests;
			productReference = 38D65FA42D170E5B00D20C94 /* TagmentaryUITests.xctest */;
			productType = "com.apple.product-type.bundle.ui-testing";
		};
/* End PBXNativeTarget section */

/* Begin PBXProject section */
		38D65F7E2D170E5900D20C94 /* Project object */ = {
			isa = PBXProject;
			attributes = {
				BuildIndependentTargetsInParallel = 1;
				LastSwiftUpdateCheck = 1600;
				LastUpgradeCheck = 1600;
				TargetAttributes = {
					38D65F852D170E5900D20C94 = {
						CreatedOnToolsVersion = 16.0;
					};
					38D65F992D170E5B00D20C94 = {
						CreatedOnToolsVersion = 16.0;
						TestTargetID = 38D65F852D170E5900D20C94;
					};
					38D65FA32D170E5B00D20C94 = {
						CreatedOnToolsVersion = 16.0;
						TestTargetID = 38D65F852D170E5900D20C94;
					};
				};
			};
			buildConfigurationList = 38D65F812D170E5900D20C94 /* Build configuration list for PBXProject "Tagmentary" */;
			developmentRegion = en;
			hasScannedForEncodings = 0;
			knownRegions = (
				en,
				Base,
			);
			mainGroup = 38D65F7D2D170E5900D20C94;
			minimizedProjectReferenceProxies = 1;
			packageReferences = (
				38DF9B7C2D22DE9100B68CFA /* XCRemoteSwiftPackageReference "aptabase-swift" */,
			);
			preferredProjectObjectVersion = 77;
			productRefGroup = 38D65F872D170E5900D20C94 /* Products */;
			projectDirPath = "";
			projectRoot = "";
			targets = (
				38D65F852D170E5900D20C94 /* Tagmentary */,
				38D65F992D170E5B00D20C94 /* TagmentaryTests */,
				38D65FA32D170E5B00D20C94 /* TagmentaryUITests */,
			);
		};
/* End PBXProject section */

/* Begin PBXResourcesBuildPhase section */
		38D65F842D170E5900D20C94 /* Resources */ = {
			isa = PBXResourcesBuildPhase;
			buildActionMask = 2147483647;
			files = (
			);
			runOnlyForDeploymentPostprocessing = 0;
		};
		38D65F982D170E5B00D20C94 /* Resources */ = {
			isa = PBXResourcesBuildPhase;
			buildActionMask = 2147483647;
			files = (
			);
			runOnlyForDeploymentPostprocessing = 0;
		};
		38D65FA22D170E5B00D20C94 /* Resources */ = {
			isa = PBXResourcesBuildPhase;
			buildActionMask = 2147483647;
			files = (
			);
			runOnlyForDeploymentPostprocessing = 0;
		};
/* End PBXResourcesBuildPhase section */

/* Begin PBXSourcesBuildPhase section */
		38D65F822D170E5900D20C94 /* Sources */ = {
			isa = PBXSourcesBuildPhase;
			buildActionMask = 2147483647;
			files = (
			);
			runOnlyForDeploymentPostprocessing = 0;
		};
		38D65F962D170E5B00D20C94 /* Sources */ = {
			isa = PBXSourcesBuildPhase;
			buildActionMask = 2147483647;
			files = (
			);
			runOnlyForDeploymentPostprocessing = 0;
		};
		38D65FA02D170E5B00D20C94 /* Sources */ = {
			isa = PBXSourcesBuildPhase;
			buildActionMask = 2147483647;
			files = (
			);
			runOnlyForDeploymentPostprocessing = 0;
		};
/* End PBXSourcesBuildPhase section */

/* Begin PBXTargetDependency section */
		38D65F9C2D170E5B00D20C94 /* PBXTargetDependency */ = {
			isa = PBXTargetDependency;
			target = 38D65F852D170E5900D20C94 /* Tagmentary */;
			targetProxy = 38D65F9B2D170E5B00D20C94 /* PBXContainerItemProxy */;
		};
		38D65FA62D170E5B00D20C94 /* PBXTargetDependency */ = {
			isa = PBXTargetDependency;
			target = 38D65F852D170E5900D20C94 /* Tagmentary */;
			targetProxy = 38D65FA52D170E5B00D20C94 /* PBXContainerItemProxy */;
		};
/* End PBXTargetDependency section */

/* Begin XCBuildConfiguration section */
		38D65FAE2D170E5B00D20C94 /* Debug */ = {
			isa = XCBuildConfiguration;
			buildSettings = {
				ASSETCATALOG_COMPILER_APPICON_NAME = AppIcon;
				ASSETCATALOG_COMPILER_GLOBAL_ACCENT_COLOR_NAME = AccentColor;
				CODE_SIGN_ENTITLEMENTS = Tagmentary/Tagmentary.entitlements;
				CODE_SIGN_STYLE = Automatic;
				CURRENT_PROJECT_VERSION = 1;
				DEVELOPMENT_ASSET_PATHS = "\"Tagmentary/Preview Content\"";
				DEVELOPMENT_TEAM = X5933694SW;
				ENABLE_PREVIEWS = YES;
				GENERATE_INFOPLIST_FILE = YES;
				INFOPLIST_FILE = Tagmentary/Info.plist;
				INFOPLIST_KEY_UIApplicationSceneManifest_Generation = YES;
				INFOPLIST_KEY_UIApplicationSupportsIndirectInputEvents = YES;
				INFOPLIST_KEY_UILaunchScreen_Generation = YES;
				INFOPLIST_KEY_UISupportedInterfaceOrientations_iPad = "UIInterfaceOrientationPortrait UIInterfaceOrientationPortraitUpsideDown UIInterfaceOrientationLandscapeLeft UIInterfaceOrientationLandscapeRight";
				INFOPLIST_KEY_UISupportedInterfaceOrientations_iPhone = "UIInterfaceOrientationPortrait UIInterfaceOrientationLandscapeLeft UIInterfaceOrientationLandscapeRight";
				LD_RUNPATH_SEARCH_PATHS = (
					"$(inherited)",
					"@executable_path/Frameworks",
				);
				MARKETING_VERSION = 1.0;
				PRODUCT_BUNDLE_IDENTIFIER = com.nagel.Tagmentary;
				PRODUCT_NAME = "$(TARGET_NAME)";
				SWIFT_EMIT_LOC_STRINGS = YES;
				SWIFT_VERSION = 5.0;
				TARGETED_DEVICE_FAMILY = "1,2";
			};
			name = Debug;
		};
		38D65FAF2D170E5B00D20C94 /* Release */ = {
			isa = XCBuildConfiguration;
			buildSettings = {
				ASSETCATALOG_COMPILER_APPICON_NAME = AppIcon;
				ASSETCATALOG_COMPILER_GLOBAL_ACCENT_COLOR_NAME = AccentColor;
				CODE_SIGN_ENTITLEMENTS = Tagmentary/Tagmentary.entitlements;
				CODE_SIGN_STYLE = Automatic;
				CURRENT_PROJECT_VERSION = 1;
				DEVELOPMENT_ASSET_PATHS = "\"Tagmentary/Preview Content\"";
				DEVELOPMENT_TEAM = X5933694SW;
				ENABLE_PREVIEWS = YES;
				GENERATE_INFOPLIST_FILE = YES;
				INFOPLIST_FILE = Tagmentary/Info.plist;
				INFOPLIST_KEY_UIApplicationSceneManifest_Generation = YES;
				INFOPLIST_KEY_UIApplicationSupportsIndirectInputEvents = YES;
				INFOPLIST_KEY_UILaunchScreen_Generation = YES;
				INFOPLIST_KEY_UISupportedInterfaceOrientations_iPad = "UIInterfaceOrientationPortrait UIInterfaceOrientationPortraitUpsideDown UIInterfaceOrientationLandscapeLeft UIInterfaceOrientationLandscapeRight";
				INFOPLIST_KEY_UISupportedInterfaceOrientations_iPhone = "UIInterfaceOrientationPortrait UIInterfaceOrientationLandscapeLeft UIInterfaceOrientationLandscapeRight";
				LD_RUNPATH_SEARCH_PATHS = (
					"$(inherited)",
					"@executable_path/Frameworks",
				);
				MARKETING_VERSION = 1.0;
				PRODUCT_BUNDLE_IDENTIFIER = com.nagel.Tagmentary;
				PRODUCT_NAME = "$(TARGET_NAME)";
				SWIFT_EMIT_LOC_STRINGS = YES;
				SWIFT_VERSION = 5.0;
				TARGETED_DEVICE_FAMILY = "1,2";
			};
			name = Release;
		};
		38D65FB02D170E5B00D20C94 /* Debug */ = {
			isa = XCBuildConfiguration;
			buildSettings = {
				ALWAYS_SEARCH_USER_PATHS = NO;
				ASSETCATALOG_COMPILER_GENERATE_SWIFT_ASSET_SYMBOL_EXTENSIONS = YES;
				CLANG_ANALYZER_NONNULL = YES;
				CLANG_ANALYZER_NUMBER_OBJECT_CONVERSION = YES_AGGRESSIVE;
				CLANG_CXX_LANGUAGE_STANDARD = "gnu++20";
				CLANG_ENABLE_MODULES = YES;
				CLANG_ENABLE_OBJC_ARC = YES;
				CLANG_ENABLE_OBJC_WEAK = YES;
				CLANG_WARN_BLOCK_CAPTURE_AUTORELEASING = YES;
				CLANG_WARN_BOOL_CONVERSION = YES;
				CLANG_WARN_COMMA = YES;
				CLANG_WARN_CONSTANT_CONVERSION = YES;
				CLANG_WARN_DEPRECATED_OBJC_IMPLEMENTATIONS = YES;
				CLANG_WARN_DIRECT_OBJC_ISA_USAGE = YES_ERROR;
				CLANG_WARN_DOCUMENTATION_COMMENTS = YES;
				CLANG_WARN_EMPTY_BODY = YES;
				CLANG_WARN_ENUM_CONVERSION = YES;
				CLANG_WARN_INFINITE_RECURSION = YES;
				CLANG_WARN_INT_CONVERSION = YES;
				CLANG_WARN_NON_LITERAL_NULL_CONVERSION = YES;
				CLANG_WARN_OBJC_IMPLICIT_RETAIN_SELF = YES;
				CLANG_WARN_OBJC_LITERAL_CONVERSION = YES;
				CLANG_WARN_OBJC_ROOT_CLASS = YES_ERROR;
				CLANG_WARN_QUOTED_INCLUDE_IN_FRAMEWORK_HEADER = YES;
				CLANG_WARN_RANGE_LOOP_ANALYSIS = YES;
				CLANG_WARN_STRICT_PROTOTYPES = YES;
				CLANG_WARN_SUSPICIOUS_MOVE = YES;
				CLANG_WARN_UNGUARDED_AVAILABILITY = YES_AGGRESSIVE;
				CLANG_WARN_UNREACHABLE_CODE = YES;
				CLANG_WARN__DUPLICATE_METHOD_MATCH = YES;
				COPY_PHASE_STRIP = NO;
				DEBUG_INFORMATION_FORMAT = dwarf;
				ENABLE_STRICT_OBJC_MSGSEND = YES;
				ENABLE_TESTABILITY = YES;
				ENABLE_USER_SCRIPT_SANDBOXING = YES;
				GCC_C_LANGUAGE_STANDARD = gnu17;
				GCC_DYNAMIC_NO_PIC = NO;
				GCC_NO_COMMON_BLOCKS = YES;
				GCC_OPTIMIZATION_LEVEL = 0;
				GCC_PREPROCESSOR_DEFINITIONS = (
					"DEBUG=1",
					"$(inherited)",
				);
				GCC_WARN_64_TO_32_BIT_CONVERSION = YES;
				GCC_WARN_ABOUT_RETURN_TYPE = YES_ERROR;
				GCC_WARN_UNDECLARED_SELECTOR = YES;
				GCC_WARN_UNINITIALIZED_AUTOS = YES_AGGRESSIVE;
				GCC_WARN_UNUSED_FUNCTION = YES;
				GCC_WARN_UNUSED_VARIABLE = YES;
				IPHONEOS_DEPLOYMENT_TARGET = 18.0;
				LOCALIZATION_PREFERS_STRING_CATALOGS = YES;
				MTL_ENABLE_DEBUG_INFO = INCLUDE_SOURCE;
				MTL_FAST_MATH = YES;
				ONLY_ACTIVE_ARCH = YES;
				SDKROOT = iphoneos;
				SWIFT_ACTIVE_COMPILATION_CONDITIONS = "DEBUG $(inherited)";
				SWIFT_OPTIMIZATION_LEVEL = "-Onone";
			};
			name = Debug;
		};
		38D65FB12D170E5B00D20C94 /* Release */ = {
			isa = XCBuildConfiguration;
			buildSettings = {
				ALWAYS_SEARCH_USER_PATHS = NO;
				ASSETCATALOG_COMPILER_GENERATE_SWIFT_ASSET_SYMBOL_EXTENSIONS = YES;
				CLANG_ANALYZER_NONNULL = YES;
				CLANG_ANALYZER_NUMBER_OBJECT_CONVERSION = YES_AGGRESSIVE;
				CLANG_CXX_LANGUAGE_STANDARD = "gnu++20";
				CLANG_ENABLE_MODULES = YES;
				CLANG_ENABLE_OBJC_ARC = YES;
				CLANG_ENABLE_OBJC_WEAK = YES;
				CLANG_WARN_BLOCK_CAPTURE_AUTORELEASING = YES;
				CLANG_WARN_BOOL_CONVERSION = YES;
				CLANG_WARN_COMMA = YES;
				CLANG_WARN_CONSTANT_CONVERSION = YES;
				CLANG_WARN_DEPRECATED_OBJC_IMPLEMENTATIONS = YES;
				CLANG_WARN_DIRECT_OBJC_ISA_USAGE = YES_ERROR;
				CLANG_WARN_DOCUMENTATION_COMMENTS = YES;
				CLANG_WARN_EMPTY_BODY = YES;
				CLANG_WARN_ENUM_CONVERSION = YES;
				CLANG_WARN_INFINITE_RECURSION = YES;
				CLANG_WARN_INT_CONVERSION = YES;
				CLANG_WARN_NON_LITERAL_NULL_CONVERSION = YES;
				CLANG_WARN_OBJC_IMPLICIT_RETAIN_SELF = YES;
				CLANG_WARN_OBJC_LITERAL_CONVERSION = YES;
				CLANG_WARN_OBJC_ROOT_CLASS = YES_ERROR;
				CLANG_WARN_QUOTED_INCLUDE_IN_FRAMEWORK_HEADER = YES;
				CLANG_WARN_RANGE_LOOP_ANALYSIS = YES;
				CLANG_WARN_STRICT_PROTOTYPES = YES;
				CLANG_WARN_SUSPICIOUS_MOVE = YES;
				CLANG_WARN_UNGUARDED_AVAILABILITY = YES_AGGRESSIVE;
				CLANG_WARN_UNREACHABLE_CODE = YES;
				CLANG_WARN__DUPLICATE_METHOD_MATCH = YES;
				COPY_PHASE_STRIP = NO;
				DEBUG_INFORMATION_FORMAT = "dwarf-with-dsym";
				ENABLE_NS_ASSERTIONS = NO;
				ENABLE_STRICT_OBJC_MSGSEND = YES;
				ENABLE_USER_SCRIPT_SANDBOXING = YES;
				GCC_C_LANGUAGE_STANDARD = gnu17;
				GCC_NO_COMMON_BLOCKS = YES;
				GCC_WARN_64_TO_32_BIT_CONVERSION = YES;
				GCC_WARN_ABOUT_RETURN_TYPE = YES_ERROR;
				GCC_WARN_UNDECLARED_SELECTOR = YES;
				GCC_WARN_UNINITIALIZED_AUTOS = YES_AGGRESSIVE;
				GCC_WARN_UNUSED_FUNCTION = YES;
				GCC_WARN_UNUSED_VARIABLE = YES;
				IPHONEOS_DEPLOYMENT_TARGET = 18.0;
				LOCALIZATION_PREFERS_STRING_CATALOGS = YES;
				MTL_ENABLE_DEBUG_INFO = NO;
				MTL_FAST_MATH = YES;
				SDKROOT = iphoneos;
				SWIFT_COMPILATION_MODE = wholemodule;
				VALIDATE_PRODUCT = YES;
			};
			name = Release;
		};
		38D65FB32D170E5B00D20C94 /* Debug */ = {
			isa = XCBuildConfiguration;
			buildSettings = {
				BUNDLE_LOADER = "$(TEST_HOST)";
				CODE_SIGN_STYLE = Automatic;
				CURRENT_PROJECT_VERSION = 1;
				DEVELOPMENT_TEAM = X5933694SW;
				GENERATE_INFOPLIST_FILE = YES;
				IPHONEOS_DEPLOYMENT_TARGET = 18.0;
				MARKETING_VERSION = 1.0;
				PRODUCT_BUNDLE_IDENTIFIER = com.nagel.TagmentaryTests;
				PRODUCT_NAME = "$(TARGET_NAME)";
				SWIFT_EMIT_LOC_STRINGS = NO;
				SWIFT_VERSION = 5.0;
				TARGETED_DEVICE_FAMILY = "1,2";
				TEST_HOST = "$(BUILT_PRODUCTS_DIR)/Tagmentary.app/$(BUNDLE_EXECUTABLE_FOLDER_PATH)/Tagmentary";
			};
			name = Debug;
		};
		38D65FB42D170E5B00D20C94 /* Release */ = {
			isa = XCBuildConfiguration;
			buildSettings = {
				BUNDLE_LOADER = "$(TEST_HOST)";
				CODE_SIGN_STYLE = Automatic;
				CURRENT_PROJECT_VERSION = 1;
				DEVELOPMENT_TEAM = X5933694SW;
				GENERATE_INFOPLIST_FILE = YES;
				IPHONEOS_DEPLOYMENT_TARGET = 18.0;
				MARKETING_VERSION = 1.0;
				PRODUCT_BUNDLE_IDENTIFIER = com.nagel.TagmentaryTests;
				PRODUCT_NAME = "$(TARGET_NAME)";
				SWIFT_EMIT_LOC_STRINGS = NO;
				SWIFT_VERSION = 5.0;
				TARGETED_DEVICE_FAMILY = "1,2";
				TEST_HOST = "$(BUILT_PRODUCTS_DIR)/Tagmentary.app/$(BUNDLE_EXECUTABLE_FOLDER_PATH)/Tagmentary";
			};
			name = Release;
		};
		38D65FB62D170E5B00D20C94 /* Debug */ = {
			isa = XCBuildConfiguration;
			buildSettings = {
				CODE_SIGN_STYLE = Automatic;
				CURRENT_PROJECT_VERSION = 1;
				DEVELOPMENT_TEAM = X5933694SW;
				GENERATE_INFOPLIST_FILE = YES;
				MARKETING_VERSION = 1.0;
				PRODUCT_BUNDLE_IDENTIFIER = com.nagel.TagmentaryUITests;
				PRODUCT_NAME = "$(TARGET_NAME)";
				SWIFT_EMIT_LOC_STRINGS = NO;
				SWIFT_VERSION = 5.0;
				TARGETED_DEVICE_FAMILY = "1,2";
				TEST_TARGET_NAME = Tagmentary;
			};
			name = Debug;
		};
		38D65FB72D170E5B00D20C94 /* Release */ = {
			isa = XCBuildConfiguration;
			buildSettings = {
				CODE_SIGN_STYLE = Automatic;
				CURRENT_PROJECT_VERSION = 1;
				DEVELOPMENT_TEAM = X5933694SW;
				GENERATE_INFOPLIST_FILE = YES;
				MARKETING_VERSION = 1.0;
				PRODUCT_BUNDLE_IDENTIFIER = com.nagel.TagmentaryUITests;
				PRODUCT_NAME = "$(TARGET_NAME)";
				SWIFT_EMIT_LOC_STRINGS = NO;
				SWIFT_VERSION = 5.0;
				TARGETED_DEVICE_FAMILY = "1,2";
				TEST_TARGET_NAME = Tagmentary;
			};
			name = Release;
		};
/* End XCBuildConfiguration section */

/* Begin XCConfigurationList section */
		38D65F812D170E5900D20C94 /* Build configuration list for PBXProject "Tagmentary" */ = {
			isa = XCConfigurationList;
			buildConfigurations = (
				38D65FB02D170E5B00D20C94 /* Debug */,
				38D65FB12D170E5B00D20C94 /* Release */,
			);
			defaultConfigurationIsVisible = 0;
			defaultConfigurationName = Release;
		};
		38D65FAD2D170E5B00D20C94 /* Build configuration list for PBXNativeTarget "Tagmentary" */ = {
			isa = XCConfigurationList;
			buildConfigurations = (
				38D65FAE2D170E5B00D20C94 /* Debug */,
				38D65FAF2D170E5B00D20C94 /* Release */,
			);
			defaultConfigurationIsVisible = 0;
			defaultConfigurationName = Release;
		};
		38D65FB22D170E5B00D20C94 /* Build configuration list for PBXNativeTarget "TagmentaryTests" */ = {
			isa = XCConfigurationList;
			buildConfigurations = (
				38D65FB32D170E5B00D20C94 /* Debug */,
				38D65FB42D170E5B00D20C94 /* Release */,
			);
			defaultConfigurationIsVisible = 0;
			defaultConfigurationName = Release;
		};
		38D65FB52D170E5B00D20C94 /* Build configuration list for PBXNativeTarget "TagmentaryUITests" */ = {
			isa = XCConfigurationList;
			buildConfigurations = (
				38D65FB62D170E5B00D20C94 /* Debug */,
				38D65FB72D170E5B00D20C94 /* Release */,
			);
			defaultConfigurationIsVisible = 0;
			defaultConfigurationName = Release;
		};
/* End XCConfigurationList section */

/* Begin XCRemoteSwiftPackageReference section */
		38DF9B7C2D22DE9100B68CFA /* XCRemoteSwiftPackageReference "aptabase-swift" */ = {
			isa = XCRemoteSwiftPackageReference;
			repositoryURL = "https://github.com/aptabase/aptabase-swift";
			requirement = {
				kind = upToNextMajorVersion;
				minimumVersion = 0.3.11;
			};
		};
/* End XCRemoteSwiftPackageReference section */

/* Begin XCSwiftPackageProductDependency section */
		38DF9B7D2D22DE9100B68CFA /* Aptabase */ = {
			isa = XCSwiftPackageProductDependency;
			package = 38DF9B7C2D22DE9100B68CFA /* XCRemoteSwiftPackageReference "aptabase-swift" */;
			productName = Aptabase;
		};
/* End XCSwiftPackageProductDependency section */
	};
	rootObject = 38D65F7E2D170E5900D20C94 /* Project object */;
}
